
Microsoft Visual Studio Solution File, Format Version 12.00
# Visual Studio Version 17
VisualStudioVersion = 17.5.33516.290
MinimumVisualStudioVersion = 10.0.40219.1
Project("{FAE04EC0-301F-11D3-BF4B-00C04F79EFBC}") = "BotTelega", "BotTelega\BotTelega.csproj", "{9F80AE87-D161-431D-B11F-A0CC35F45E82}"
EndProject
Global
	GlobalSection(SolutionConfigurationPlatforms) = preSolution
		Debug|Any CPU = Debug|Any CPU
		Release|Any CPU = Release|Any CPU
	EndGlobalSection
	GlobalSection(ProjectConfigurationPlatforms) = postSolution
		{9F80AE87-D161-431D-B11F-A0CC35F45E82}.Debug|Any CPU.ActiveCfg = Debug|Any CPU
		{9F80AE87-D161-431D-B11F-A0CC35F45E82}.Debug|Any CPU.Build.0 = Debug|Any CPU
		{9F80AE87-D161-431D-B11F-A0CC35F45E82}.Release|Any CPU.ActiveCfg = Release|Any CPU
		{9F80AE87-D161-431D-B11F-A0CC35F45E82}.Release|Any CPU.Build.0 = Release|Any CPU
	EndGlobalSection
	GlobalSection(SolutionProperties) = preSolution
		HideSolutionNode = FALSE
	EndGlobalSection
	GlobalSection(ExtensibilityGlobals) = postSolution
		SolutionGuid = {909F166B-0642-4370-944B-BFA5E3DB9AD0}
	EndGlobalSection
EndGlobal
